
Microsoft Visual Studio Solution File, Format Version 12.00
Project("{2150E333-8FDC-42A3-9474-1A3956D46DE8}") = "src", "src", "{8CC412DF-F9B5-41AE-9B4C-118A7E132DCD}"
EndProject
Project("{2150E333-8FDC-42A3-9474-1A3956D46DE8}") = "test", "test", "{53D5DEF1-6573-4EEB-81F2-8CE59140060A}"
EndProject
Project("{FAE04EC0-301F-11D3-BF4B-00C04F79EFBC}") = "Newday.DiamondKata.Core", "src\Newday.DiamondKata.Core\Newday.DiamondKata.Core.csproj", "{0FD1F0D7-B032-494D-83AA-BAF3E35D268D}"
EndProject
Project("{FAE04EC0-301F-11D3-BF4B-00C04F79EFBC}") = "Newday.DiamondKata.ShapeMaker", "src\Newday.DiamondKata.ShapeMaker\Newday.DiamondKata.ShapeMaker.csproj", "{E2B2CF66-BEEF-4BB7-8E3D-53EF6AAB8247}"
EndProject
Project("{FAE04EC0-301F-11D3-BF4B-00C04F79EFBC}") = "Newday.DiamondKata.Core.Tests", "test\Newday.DiamondKata.Core.Tests\Newday.DiamondKata.Core.Tests.csproj", "{2B98CC05-B22C-413A-B3FC-1598412F25C6}"
EndProject
Project("{FAE04EC0-301F-11D3-BF4B-00C04F79EFBC}") = "Newday.DiamondKata.ShapeMaker.Tests", "test\Newday.DiamondKata.ShapeMaker.Tests\Newday.DiamondKata.ShapeMaker.Tests.csproj", "{BBAEEE7A-5FA1-43C4-9ECB-1A30151468D8}"
EndProject
Global
	GlobalSection(SolutionConfigurationPlatforms) = preSolution
		Debug|Any CPU = Debug|Any CPU
		Release|Any CPU = Release|Any CPU
	EndGlobalSection
	GlobalSection(ProjectConfigurationPlatforms) = postSolution
		{0FD1F0D7-B032-494D-83AA-BAF3E35D268D}.Debug|Any CPU.ActiveCfg = Debug|Any CPU
		{0FD1F0D7-B032-494D-83AA-BAF3E35D268D}.Debug|Any CPU.Build.0 = Debug|Any CPU
		{0FD1F0D7-B032-494D-83AA-BAF3E35D268D}.Release|Any CPU.ActiveCfg = Release|Any CPU
		{0FD1F0D7-B032-494D-83AA-BAF3E35D268D}.Release|Any CPU.Build.0 = Release|Any CPU
		{E2B2CF66-BEEF-4BB7-8E3D-53EF6AAB8247}.Debug|Any CPU.ActiveCfg = Debug|Any CPU
		{E2B2CF66-BEEF-4BB7-8E3D-53EF6AAB8247}.Debug|Any CPU.Build.0 = Debug|Any CPU
		{E2B2CF66-BEEF-4BB7-8E3D-53EF6AAB8247}.Release|Any CPU.ActiveCfg = Release|Any CPU
		{E2B2CF66-BEEF-4BB7-8E3D-53EF6AAB8247}.Release|Any CPU.Build.0 = Release|Any CPU
		{2B98CC05-B22C-413A-B3FC-1598412F25C6}.Debug|Any CPU.ActiveCfg = Debug|Any CPU
		{2B98CC05-B22C-413A-B3FC-1598412F25C6}.Debug|Any CPU.Build.0 = Debug|Any CPU
		{2B98CC05-B22C-413A-B3FC-1598412F25C6}.Release|Any CPU.ActiveCfg = Release|Any CPU
		{2B98CC05-B22C-413A-B3FC-1598412F25C6}.Release|Any CPU.Build.0 = Release|Any CPU
		{BBAEEE7A-5FA1-43C4-9ECB-1A30151468D8}.Debug|Any CPU.ActiveCfg = Debug|Any CPU
		{BBAEEE7A-5FA1-43C4-9ECB-1A30151468D8}.Debug|Any CPU.Build.0 = Debug|Any CPU
		{BBAEEE7A-5FA1-43C4-9ECB-1A30151468D8}.Release|Any CPU.ActiveCfg = Release|Any CPU
		{BBAEEE7A-5FA1-43C4-9ECB-1A30151468D8}.Release|Any CPU.Build.0 = Release|Any CPU
	EndGlobalSection
	GlobalSection(NestedProjects) = preSolution
		{0FD1F0D7-B032-494D-83AA-BAF3E35D268D} = {8CC412DF-F9B5-41AE-9B4C-118A7E132DCD}
		{E2B2CF66-BEEF-4BB7-8E3D-53EF6AAB8247} = {8CC412DF-F9B5-41AE-9B4C-118A7E132DCD}
		{2B98CC05-B22C-413A-B3FC-1598412F25C6} = {53D5DEF1-6573-4EEB-81F2-8CE59140060A}
		{BBAEEE7A-5FA1-43C4-9ECB-1A30151468D8} = {53D5DEF1-6573-4EEB-81F2-8CE59140060A}
	EndGlobalSection
EndGlobal
